version = 1
revision = 2
requires-python = ">=3.11"

[[package]]
name = "asyncio"
version = "3.4.3"
source = { registry = "https://pypi.org/simple" }
sdist = { url = "https://files.pythonhosted.org/packages/da/54/054bafaf2c0fb8473d423743e191fcdf49b2c1fd5e9af3524efbe097bafd/asyncio-3.4.3.tar.gz", hash = "sha256:83360ff8bc97980e4ff25c964c7bd3923d333d177aa4f7fb736b019f26c7cb41", size = 204411, upload-time = "2015-03-10T14:11:26.494Z" }
wheels = [
    { url = "https://files.pythonhosted.org/packages/22/74/07679c5b9f98a7cb0fc147b1ef1cc1853bc07a4eb9cb5731e24732c5f773/asyncio-3.4.3-py3-none-any.whl", hash = "sha256:c4d18b22701821de07bd6aea8b53d21449ec0ec5680645e5317062ea21817d2d", size = 101767, upload-time = "2015-03-10T14:05:10.959Z" },
]

[[package]]
name = "mcp-capnp-poc"
version = "0.1.0"
source = { virtual = "." }
dependencies = [
    { name = "asyncio" },
    { name = "pycapnp" },
]

[package.metadata]
requires-dist = [
    { name = "asyncio", specifier = ">=3.4.3" },
    { name = "pycapnp", specifier = ">=2.0.0" },
]

[[package]]
name = "pycapnp"
version = "2.0.0"
source = { registry = "https://pypi.org/simple" }
sdist = { url = "https://files.pythonhosted.org/packages/9b/fb/54b46b52c1fa2acd9afd81bd05810c61bb1b05c6084c9625b64bc6d41843/pycapnp-2.0.0.tar.gz", hash = "sha256:503ab9b7b16773590ee226f2460408972c6b1c2cb2d819037115b919bef682be", size = 574848, upload-time = "2024-04-12T15:35:44.019Z" }
wheels = [
    { url = "https://files.pythonhosted.org/packages/cb/82/cf311b1a9800b605759a38a0c337a55a639b685427364294e98a0f9b7306/pycapnp-2.0.0-cp311-cp311-macosx_10_9_x86_64.whl", hash = "sha256:829c7eb4e5f23dbcac25466110faf72a691035cf87c5d46e5053da15790e428d", size = 1673673, upload-time = "2024-04-12T15:33:32.211Z" },
    { url = "https://files.pythonhosted.org/packages/ae/55/4c03ca95c568776a1f637db9ffdcf302fb63f46e4d2a4f13edd8cb1a5f90/pycapnp-2.0.0-cp311-cp311-macosx_11_0_arm64.whl", hash = "sha256:dab60fbe3e4eaf99ec97918a0a776216c6c149b6d49261383d91c2201adb475d", size = 1513351, upload-time = "2024-04-12T15:33:35.156Z" },
    { url = "https://files.pythonhosted.org/packages/55/98/e4b2dea076f8a2575abc45cd879a91bc9aa975c69ae2ac1cab61d83c5087/pycapnp-2.0.0-cp311-cp311-manylinux_2_17_aarch64.manylinux2014_aarch64.whl", hash = "sha256:2c48a0582078bb74d7326d28571db0b8e6919563365537a5a13e8f5360c12bfc", size = 4910666, upload-time = "2024-04-12T15:33:37.798Z" },
    { url = "https://files.pythonhosted.org/packages/1d/ee/3b5a182588f89074f4002fa6247e3f963bb85bc808acd1ac8deed91f1fa7/pycapnp-2.0.0-cp311-cp311-manylinux_2_17_i686.manylinux2014_i686.whl", hash = "sha256:bcb5ab54aff857e3711d2c0cc934194aaffacdeb3481daa56863daef07d27941", size = 5007434, upload-time = "2024-04-12T15:33:40.362Z" },
    { url = "https://files.pythonhosted.org/packages/c5/e9/515a2ca7fdc84d57c654280d0b71dfd782fd1773d384c0ec0d56dc6fc35b/pycapnp-2.0.0-cp311-cp311-manylinux_2_17_ppc64le.manylinux2014_ppc64le.whl", hash = "sha256:9600778036e6fe9dbea68f0c37678c5f4d561d2f2306b3cb741de5e1670ef2ae", size = 5188923, upload-time = "2024-04-12T15:33:42.33Z" },
    { url = "https://files.pythonhosted.org/packages/70/60/5db346e238985a526ba7589ed24f92195dad39e7dec9d85b17a567600b6f/pycapnp-2.0.0-cp311-cp311-manylinux_2_17_s390x.manylinux2014_s390x.whl", hash = "sha256:7278ba0262fab8c398e77d634ae7ba026866d44b52cbfc27262be8d396ecacd1", size = 5048105, upload-time = "2024-04-12T15:33:44.294Z" },
    { url = "https://files.pythonhosted.org/packages/e3/ff/02b4a87c9ff9793f26d8f3d95312d902d260c094f216d84e19528a506606/pycapnp-2.0.0-cp311-cp311-manylinux_2_17_x86_64.manylinux2014_x86_64.whl", hash = "sha256:23b2458d43c82302980a96518c96df257429204d2cc02bfff0c8cb6ebb371e01", size = 5063172, upload-time = "2024-04-12T15:33:46.954Z" },
    { url = "https://files.pythonhosted.org/packages/10/a1/35a7e14d765f99cfdcdfdcebc69bdf382f27016944470daa7a03c557f681/pycapnp-2.0.0-cp311-cp311-musllinux_1_1_aarch64.whl", hash = "sha256:dd7755cc3fedc2ad8cc7864a0729471ddeff10c184963fe0f3689e295130f1b2", size = 5408718, upload-time = "2024-04-12T15:33:49.587Z" },
    { url = "https://files.pythonhosted.org/packages/5c/59/8bc8a993c38808c6fd90b10becba8de4a54543e8441bd87ce44ef3b7eee4/pycapnp-2.0.0-cp311-cp311-musllinux_1_1_i686.whl", hash = "sha256:d47baf6b3db9981625ffc5ff188e089f2ebca8e7e1afb97aa5eb7bebb7bf3650", size = 5596714, upload-time = "2024-04-12T15:33:51.518Z" },
    { url = "https://files.pythonhosted.org/packages/ea/7d/79c481ef77f29e81355e92bb250f0d2a37a76f5fe0ba9433bf6c6c88b6e4/pycapnp-2.0.0-cp311-cp311-musllinux_1_1_ppc64le.whl", hash = "sha256:b375be92d93fdb6f7ac127ea9390bcec0fed4e485db137b084f9e7114dde7c83", size = 5709896, upload-time = "2024-04-12T15:33:53.716Z" },
    { url = "https://files.pythonhosted.org/packages/59/8d/f2eceeea1e8cae8b8a70a4752af5b772916f455e2ed388d0887e2b57d080/pycapnp-2.0.0-cp311-cp311-musllinux_1_1_s390x.whl", hash = "sha256:959bfdf1cddb3e5528e2293c4a375382be9a1bf044b073bc2e7eca1eb6b3a9a2", size = 5594823, upload-time = "2024-04-12T15:33:55.573Z" },
    { url = "https://files.pythonhosted.org/packages/2c/86/f8284637b61f83232e5618dd561a66080dd98ce2272d7e3ae89335d4fd97/pycapnp-2.0.0-cp311-cp311-musllinux_1_1_x86_64.whl", hash = "sha256:d873af167cf5cc7578ce5432eefcb442f866c8f7a6c57d188baf8c5e709fa39d", size = 5572564, upload-time = "2024-04-12T15:33:59.112Z" },
    { url = "https://files.pythonhosted.org/packages/b3/b2/7f99d28a9935d1e37ec6955922c57b2be24fe0b74fe25929643686cc11e5/pycapnp-2.0.0-cp311-cp311-win32.whl", hash = "sha256:40ca8018e0b7686d549b920f087049b92a3e6f06976d9f5a8112603fc560cac4", size = 1040268, upload-time = "2024-04-12T15:34:00.933Z" },
    { url = "https://files.pythonhosted.org/packages/1d/37/89ab98961f18cffeae20d98cfc24afcfa85024bc014ecc48b0c4ac264fe0/pycapnp-2.0.0-cp311-cp311-win_amd64.whl", hash = "sha256:d15cd8e46d541a899c84809095d7d7b3951f43642d1859e7a39bd91910778479", size = 1141758, upload-time = "2024-04-12T15:34:02.607Z" },
    { url = "https://files.pythonhosted.org/packages/ce/d5/0ee84de3ce34a86c373b6cfbea17d5486c2ca942d51efa99a0069723c1e3/pycapnp-2.0.0-cp312-cp312-macosx_10_9_x86_64.whl", hash = "sha256:0c111ef96676df25b8afef98f369d45f838ad4434e2898e48199eb43ef704efe", size = 1645816, upload-time = "2024-04-12T15:34:04.428Z" },
    { url = "https://files.pythonhosted.org/packages/35/1e/580572083165ba791fac5ae2d8917facb94db6e3f0500421673f55165dac/pycapnp-2.0.0-cp312-cp312-macosx_11_0_arm64.whl", hash = "sha256:0d18906eb1fd1b9f206d93a9591ceedce1d52e7766b66e68f271453f104e9dca", size = 1507892, upload-time = "2024-04-12T15:34:06.933Z" },
    { url = "https://files.pythonhosted.org/packages/d7/ed/46b3cc5d32c525b6a3acb67eb43de2cec692a62775ec1ab66dafe2b7d6ad/pycapnp-2.0.0-cp312-cp312-manylinux_2_17_aarch64.manylinux2014_aarch64.whl", hash = "sha256:f5d1ed365ab1beabb8838068907a7190cc0b6f16de3499d783627e670fcc0eb2", size = 4707960, upload-time = "2024-04-12T15:34:08.771Z" },
    { url = "https://files.pythonhosted.org/packages/8e/51/0a0a4d4e44138adb84959478ea4966196c5ad32022f768b9b64d1590cb3e/pycapnp-2.0.0-cp312-cp312-manylinux_2_17_i686.manylinux2014_i686.whl", hash = "sha256:495b39a7aa2629931bbca27ad743ce591c6c41e8f81792276be424742d9cd1c1", size = 4791780, upload-time = "2024-04-12T15:34:10.863Z" },
    { url = "https://files.pythonhosted.org/packages/28/71/2b59c6ddb253b25b3d01ee6f7b32b0297ac205c7272beeb6d13399054430/pycapnp-2.0.0-cp312-cp312-manylinux_2_17_ppc64le.manylinux2014_ppc64le.whl", hash = "sha256:50e814fbde072dcc3d868b5b5cbb9b7a66a70bff9ad03942f3be9baf3ca1cfc6", size = 4961068, upload-time = "2024-04-12T15:34:13.543Z" },
    { url = "https://files.pythonhosted.org/packages/c3/b8/b64fdefa59d6d2802b5ee0a9439396c23a3e5954da6909be81f2722a234c/pycapnp-2.0.0-cp312-cp312-manylinux_2_17_s390x.manylinux2014_s390x.whl", hash = "sha256:920fdda62d5fdef7a48339104dff0ceb9dcc21b138491f854457ba3a3d4d63ec", size = 4872917, upload-time = "2024-04-12T15:34:15.636Z" },
    { url = "https://files.pythonhosted.org/packages/c8/55/867595f575eb6cb3662e9a0b50a24b4be42df86f2938003e586f6c81606f/pycapnp-2.0.0-cp312-cp312-manylinux_2_17_x86_64.manylinux2014_x86_64.whl", hash = "sha256:3f9142eb4714c152b09dda0b055ea9dd43fd8fd894132e7eb4fa235fb4915edd", size = 4912169, upload-time = "2024-04-12T15:34:17.758Z" },
    { url = "https://files.pythonhosted.org/packages/e4/11/0d36b45e5005ecdf8510081d16c6fb7b22b49651f64af36d138df97980cc/pycapnp-2.0.0-cp312-cp312-musllinux_1_1_aarch64.whl", hash = "sha256:c98f1d0c4d32109d03e42828ce3c65236afc895033633cbed3ca092993702e7b", size = 5201744, upload-time = "2024-04-12T15:34:20.468Z" },
    { url = "https://files.pythonhosted.org/packages/05/29/ad1357998656b7141939e55bb3aea727c7a5478026feed7f8ee8cf52c935/pycapnp-2.0.0-cp312-cp312-musllinux_1_1_i686.whl", hash = "sha256:4d3250c1875a309d67551843cd8bf3c5e7fccf159b7f5c118a92aee36c0e871c", size = 5351113, upload-time = "2024-04-12T15:34:23.173Z" },
    { url = "https://files.pythonhosted.org/packages/5a/b1/f4c442907948a29b6427dd7436f31d3732bb0d77f5c1dbcad749ba56dac0/pycapnp-2.0.0-cp312-cp312-musllinux_1_1_ppc64le.whl", hash = "sha256:174e6babe01f5507111c0ed226cd0b5e9325a9d2850751cfe4a57c1670f13881", size = 5472055, upload-time = "2024-04-12T15:34:25.799Z" },
    { url = "https://files.pythonhosted.org/packages/c1/06/a6eceb8b8015f518c0ccae1de5d1a6e18ed73b62b4b111aff54ce5f4f566/pycapnp-2.0.0-cp312-cp312-musllinux_1_1_s390x.whl", hash = "sha256:ed38ece414341285695526792e020f391f29f5064b2126d0367c8bdeef28e3e9", size = 5395743, upload-time = "2024-04-12T15:34:28.134Z" },
    { url = "https://files.pythonhosted.org/packages/e7/b0/63f2b0327853ae08158de61b4dfc7fa43ae5a5c00f1d28f769e7c30cdf55/pycapnp-2.0.0-cp312-cp312-musllinux_1_1_x86_64.whl", hash = "sha256:8a20b7dc55ef83a1fa446bf12680bce25caeb8f81788b623b072c3ec820db50d", size = 5405076, upload-time = "2024-04-12T15:34:30.305Z" },
    { url = "https://files.pythonhosted.org/packages/7d/24/e025dd95f1abf34e373fbab8841ac8e5fa62afe3af4a4b0c61bd01354400/pycapnp-2.0.0-cp312-cp312-win32.whl", hash = "sha256:145eea66233fb5ac9152cd1c06b999ddb691815126f87f5cc37b9cda5d569f8a", size = 1030361, upload-time = "2024-04-12T15:34:32.25Z" },
    { url = "https://files.pythonhosted.org/packages/3f/70/a71108ee9d4db9a027b665a2c383202407207174f1956195d5be45aca705/pycapnp-2.0.0-cp312-cp312-win_amd64.whl", hash = "sha256:b8b03000769b29b36a8810f458b931f0f706f42027ee6676821eff28092d7734", size = 1135121, upload-time = "2024-04-12T15:34:34.208Z" },
]
